// !$*UTF8*$!
{
	archiveVersion = 1;
	classes = {
	};
	objectVersion = 48;
	objects = {

/* Begin PBXBuildFile section */
		A68C0BC320604ABF00C78F61 /* Property List.plist in Resources */ = {isa = PBXBuildFile; fileRef = A68C0BC220604ABF00C78F61 /* Property List.plist */; };
		A68C0BC520604FF500C78F61 /* detailViewController.swift in Sources */ = {isa = PBXBuildFile; fileRef = A68C0BC420604FF500C78F61 /* detailViewController.swift */; };
		A6B6555020449A2600CF7A56 /* AppDelegate.swift in Sources */ = {isa = PBXBuildFile; fileRef = A6B6554F20449A2600CF7A56 /* AppDelegate.swift */; };
		A6B6555220449A2600CF7A56 /* ViewController.swift in Sources */ = {isa = PBXBuildFile; fileRef = A6B6555120449A2600CF7A56 /* ViewController.swift */; };
		A6B6555520449A2600CF7A56 /* Main.storyboard in Resources */ = {isa = PBXBuildFile; fileRef = A6B6555320449A2600CF7A56 /* Main.storyboard */; };
		A6B6555720449A2600CF7A56 /* Assets.xcassets in Resources */ = {isa = PBXBuildFile; fileRef = A6B6555620449A2600CF7A56 /* Assets.xcassets */; };
		A6B6555A20449A2600CF7A56 /* LaunchScreen.storyboard in Resources */ = {isa = PBXBuildFile; fileRef = A6B6555820449A2600CF7A56 /* LaunchScreen.storyboard */; };
		A6B6556520449A2700CF7A56 /* HackWhichFiveTests.swift in Sources */ = {isa = PBXBuildFile; fileRef = A6B6556420449A2700CF7A56 /* HackWhichFiveTests.swift */; };
		A6B6557020449A2700CF7A56 /* HackWhichFiveUITests.swift in Sources */ = {isa = PBXBuildFile; fileRef = A6B6556F20449A2700CF7A56 /* HackWhichFiveUITests.swift */; };
/* End PBXBuildFile section */

/* Begin PBXContainerItemProxy section */
		A6B6556120449A2700CF7A56 /* PBXContainerItemProxy */ = {
			isa = PBXContainerItemProxy;
			containerPortal = A6B6554420449A2600CF7A56 /* Project object */;
			proxyType = 1;
			remoteGlobalIDString = A6B6554B20449A2600CF7A56;
			remoteInfo = HackWhichFive;
		};
		A6B6556C20449A2700CF7A56 /* PBXContainerItemProxy */ = {
			isa = PBXContainerItemProxy;
			containerPortal = A6B6554420449A2600CF7A56 /* Project object */;
			proxyType = 1;
			remoteGlobalIDString = A6B6554B20449A2600CF7A56;
			remoteInfo = HackWhichFive;
		};
/* End PBXContainerItemProxy section */

/* Begin PBXFileReference section */
		A68C0BC220604ABF00C78F61 /* Property List.plist */ = {isa = PBXFileReference; lastKnownFileType = text.plist.xml; path = "Property List.plist"; sourceTree = "<group>"; };
		A68C0BC420604FF500C78F61 /* detailViewController.swift */ = {isa = PBXFileReference; lastKnownFileType = sourcecode.swift; path = detailViewController.swift; sourceTree = "<group>"; };
		A6B6554C20449A2600CF7A56 /* HackWhichFive.app */ = {isa = PBXFileReference; explicitFileType = wrapper.application; includeInIndex = 0; path = HackWhichFive.app; sourceTree = BUILT_PRODUCTS_DIR; };
		A6B6554F20449A2600CF7A56 /* AppDelegate.swift */ = {isa = PBXFileReference; lastKnownFileType = sourcecode.swift; path = AppDelegate.swift; sourceTree = "<group>"; };
		A6B6555120449A2600CF7A56 /* ViewController.swift */ = {isa = PBXFileReference; lastKnownFileType = sourcecode.swift; path = ViewController.swift; sourceTree = "<group>"; };
		A6B6555420449A2600CF7A56 /* Base */ = {isa = PBXFileReference; lastKnownFileType = file.storyboard; name = Base; path = Base.lproj/Main.storyboard; sourceTree = "<group>"; };
		A6B6555620449A2600CF7A56 /* Assets.xcassets */ = {isa = PBXFileReference; lastKnownFileType = folder.assetcatalog; path = Assets.xcassets; sourceTree = "<group>"; };
		A6B6555920449A2600CF7A56 /* Base */ = {isa = PBXFileReference; lastKnownFileType = file.storyboard; name = Base; path = Base.lproj/LaunchScreen.storyboard; sourceTree = "<group>"; };
		A6B6555B20449A2600CF7A56 /* Info.plist */ = {isa = PBXFileReference; lastKnownFileType = text.plist.xml; path = Info.plist; sourceTree = "<group>"; };
		A6B6556020449A2700CF7A56 /* HackWhichFiveTests.xctest */ = {isa = PBXFileReference; explicitFileType = wrapper.cfbundle; includeInIndex = 0; path = HackWhichFiveTests.xctest; sourceTree = BUILT_PRODUCTS_DIR; };
		A6B6556420449A2700CF7A56 /* HackWhichFiveTests.swift */ = {isa = PBXFileReference; lastKnownFileType = sourcecode.swift; path = HackWhichFiveTests.swift; sourceTree = "<group>"; };
		A6B6556620449A2700CF7A56 /* Info.plist */ = {isa = PBXFileReference; lastKnownFileType = text.plist.xml; path = Info.plist; sourceTree = "<group>"; };
		A6B6556B20449A2700CF7A56 /* HackWhichFiveUITests.xctest */ = {isa = PBXFileReference; explicitFileType = wrapper.cfbundle; includeInIndex = 0; path = HackWhichFiveUITests.xctest; sourceTree = BUILT_PRODUCTS_DIR; };
		A6B6556F20449A2700CF7A56 /* HackWhichFiveUITests.swift */ = {isa = PBXFileReference; lastKnownFileType = sourcecode.swift; path = HackWhichFiveUITests.swift; sourceTree = "<group>"; };
		A6B6557120449A2700CF7A56 /* Info.plist */ = {isa = PBXFileReference; lastKnownFileType = text.plist.xml; path = Info.plist; sourceTree = "<group>"; };
/* End PBXFileReference section */

/* Begin PBXFrameworksBuildPhase section */
		A6B6554920449A2600CF7A56 /* Frameworks */ = {
			isa = PBXFrameworksBuildPhase;
			buildActionMask = 2147483647;
			files = (
			);
			runOnlyForDeploymentPostprocessing = 0;
		};
		A6B6555D20449A2700CF7A56 /* Frameworks */ = {
			isa = PBXFrameworksBuildPhase;
			buildActionMask = 2147483647;
			files = (
			);
			runOnlyForDeploymentPostprocessing = 0;
		};
		A6B6556820449A2700CF7A56 /* Frameworks */ = {
			isa = PBXFrameworksBuildPhase;
			buildActionMask = 2147483647;
			files = (
			);
			runOnlyForDeploymentPostprocessing = 0;
		};
/* End PBXFrameworksBuildPhase section */

/* Begin PBXGroup section */
		A6B6554320449A2600CF7A56 = {
			isa = PBXGroup;
			children = (
				A6B6554E20449A2600CF7A56 /* HackWhichFive */,
				A6B6556320449A2700CF7A56 /* HackWhichFiveTests */,
				A6B6556E20449A2700CF7A56 /* HackWhichFiveUITests */,
				A6B6554D20449A2600CF7A56 /* Products */,
			);
			sourceTree = "<group>";
		};
		A6B6554D20449A2600CF7A56 /* Products */ = {
			isa = PBXGroup;
			children = (
				A6B6554C20449A2600CF7A56 /* HackWhichFive.app */,
				A6B6556020449A2700CF7A56 /* HackWhichFiveTests.xctest */,
				A6B6556B20449A2700CF7A56 /* HackWhichFiveUITests.xctest */,
			);
			name = Products;
			sourceTree = "<group>";
		};
		A6B6554E20449A2600CF7A56 /* HackWhichFive */ = {
			isa = PBXGroup;
			children = (
				A6B6554F20449A2600CF7A56 /* AppDelegate.swift */,
				A68C0BC420604FF500C78F61 /* detailViewController.swift */,
				A6B6555120449A2600CF7A56 /* ViewController.swift */,
				A6B6555320449A2600CF7A56 /* Main.storyboard */,
				A68C0BC220604ABF00C78F61 /* Property List.plist */,
				A6B6555620449A2600CF7A56 /* Assets.xcassets */,
				A6B6555820449A2600CF7A56 /* LaunchScreen.storyboard */,
				A6B6555B20449A2600CF7A56 /* Info.plist */,
			);
			path = HackWhichFive;
			sourceTree = "<group>";
		};
		A6B6556320449A2700CF7A56 /* HackWhichFiveTests */ = {
			isa = PBXGroup;
			children = (
				A6B6556420449A2700CF7A56 /* HackWhichFiveTests.swift */,
				A6B6556620449A2700CF7A56 /* Info.plist */,
			);
			path = HackWhichFiveTests;
			sourceTree = "<group>";
		};
		A6B6556E20449A2700CF7A56 /* HackWhichFiveUITests */ = {
			isa = PBXGroup;
			children = (
				A6B6556F20449A2700CF7A56 /* HackWhichFiveUITests.swift */,
				A6B6557120449A2700CF7A56 /* Info.plist */,
			);
			path = HackWhichFiveUITests;
			sourceTree = "<group>";
		};
/* End PBXGroup section */

/* Begin PBXNativeTarget section */
		A6B6554B20449A2600CF7A56 /* HackWhichFive */ = {
			isa = PBXNativeTarget;
			buildConfigurationList = A6B6557420449A2700CF7A56 /* Build configuration list for PBXNativeTarget "HackWhichFive" */;
			buildPhases = (
				A6B6554820449A2600CF7A56 /* Sources */,
				A6B6554920449A2600CF7A56 /* Frameworks */,
				A6B6554A20449A2600CF7A56 /* Resources */,
			);
			buildRules = (
			);
			dependencies = (
			);
			name = HackWhichFive;
			productName = HackWhichFive;
			productReference = A6B6554C20449A2600CF7A56 /* HackWhichFive.app */;
			productType = "com.apple.product-type.application";
		};
		A6B6555F20449A2700CF7A56 /* HackWhichFiveTests */ = {
			isa = PBXNativeTarget;
			buildConfigurationList = A6B6557720449A2700CF7A56 /* Build configuration list for PBXNativeTarget "HackWhichFiveTests" */;
			buildPhases = (
				A6B6555C20449A2700CF7A56 /* Sources */,
				A6B6555D20449A2700CF7A56 /* Frameworks */,
				A6B6555E20449A2700CF7A56 /* Resources */,
			);
			buildRules = (
			);
			dependencies = (
				A6B6556220449A2700CF7A56 /* PBXTargetDependency */,
			);
			name = HackWhichFiveTests;
			productName = HackWhichFiveTests;
			productReference = A6B6556020449A2700CF7A56 /* HackWhichFiveTests.xctest */;
			productType = "com.apple.product-type.bundle.unit-test";
		};
		A6B6556A20449A2700CF7A56 /* HackWhichFiveUITests */ = {
			isa = PBXNativeTarget;
			buildConfigurationList = A6B6557A20449A2700CF7A56 /* Build configuration list for PBXNativeTarget "HackWhichFiveUITests" */;
			buildPhases = (
				A6B6556720449A2700CF7A56 /* Sources */,
				A6B6556820449A2700CF7A56 /* Frameworks */,
				A6B6556920449A2700CF7A56 /* Resources */,
			);
			buildRules = (
			);
			dependencies = (
				A6B6556D20449A2700CF7A56 /* PBXTargetDependency */,
			);
			name = HackWhichFiveUITests;
			productName = HackWhichFiveUITests;
			productReference = A6B6556B20449A2700CF7A56 /* HackWhichFiveUITests.xctest */;
			productType = "com.apple.product-type.bundle.ui-testing";
		};
/* End PBXNativeTarget section */

/* Begin PBXProject section */
		A6B6554420449A2600CF7A56 /* Project object */ = {
			isa = PBXProject;
			attributes = {
				LastSwiftUpdateCheck = 0920;
				LastUpgradeCheck = 0920;
				ORGANIZATIONNAME = "Mariah Hortillano";
				TargetAttributes = {
					A6B6554B20449A2600CF7A56 = {
						CreatedOnToolsVersion = 9.2;
						ProvisioningStyle = Automatic;
					};
					A6B6555F20449A2700CF7A56 = {
						CreatedOnToolsVersion = 9.2;
						ProvisioningStyle = Automatic;
						TestTargetID = A6B6554B20449A2600CF7A56;
					};
					A6B6556A20449A2700CF7A56 = {
						CreatedOnToolsVersion = 9.2;
						ProvisioningStyle = Automatic;
						TestTargetID = A6B6554B20449A2600CF7A56;
					};
				};
			};
			buildConfigurationList = A6B6554720449A2600CF7A56 /* Build configuration list for PBXProject "HackWhichFive" */;
			compatibilityVersion = "Xcode 8.0";
			developmentRegion = en;
			hasScannedForEncodings = 0;
			knownRegions = (
				en,
				Base,
			);
			mainGroup = A6B6554320449A2600CF7A56;
			productRefGroup = A6B6554D20449A2600CF7A56 /* Products */;
			projectDirPath = "";
			projectRoot = "";
			targets = (
				A6B6554B20449A2600CF7A56 /* HackWhichFive */,
				A6B6555F20449A2700CF7A56 /* HackWhichFiveTests */,
				A6B6556A20449A2700CF7A56 /* HackWhichFiveUITests */,
			);
		};
/* End PBXProject section */

/* Begin PBXResourcesBuildPhase section */
		A6B6554A20449A2600CF7A56 /* Resources */ = {
			isa = PBXResourcesBuildPhase;
			buildActionMask = 2147483647;
			files = (
				A6B6555A20449A2600CF7A56 /* LaunchScreen.storyboard in Resources */,
				A6B6555720449A2600CF7A56 /* Assets.xcassets in Resources */,
				A68C0BC320604ABF00C78F61 /* Property List.plist in Resources */,
				A6B6555520449A2600CF7A56 /* Main.storyboard in Resources */,
			);
			runOnlyForDeploymentPostprocessing = 0;
		};
		A6B6555E20449A2700CF7A56 /* Resources */ = {
			isa = PBXResourcesBuildPhase;
			buildActionMask = 2147483647;
			files = (
			);
			runOnlyForDeploymentPostprocessing = 0;
		};
		A6B6556920449A2700CF7A56 /* Resources */ = {
			isa = PBXResourcesBuildPhase;
			buildActionMask = 2147483647;
			files = (
			);
			runOnlyForDeploymentPostprocessing = 0;
		};
/* End PBXResourcesBuildPhase section */

/* Begin PBXSourcesBuildPhase section */
		A6B6554820449A2600CF7A56 /* Sources */ = {
			isa = PBXSourcesBuildPhase;
			buildActionMask = 2147483647;
			files = (
				A6B6555220449A2600CF7A56 /* ViewController.swift in Sources */,
				A6B6555020449A2600CF7A56 /* AppDelegate.swift in Sources */,
				A68C0BC520604FF500C78F61 /* detailViewController.swift in Sources */,
			);
			runOnlyForDeploymentPostprocessing = 0;
		};
		A6B6555C20449A2700CF7A56 /* Sources */ = {
			isa = PBXSourcesBuildPhase;
			buildActionMask = 2147483647;
			files = (
				A6B6556520449A2700CF7A56 /* HackWhichFiveTests.swift in Sources */,
			);
			runOnlyForDeploymentPostprocessing = 0;
		};
		A6B6556720449A2700CF7A56 /* Sources */ = {
			isa = PBXSourcesBuildPhase;
			buildActionMask = 2147483647;
			files = (
				A6B6557020449A2700CF7A56 /* HackWhichFiveUITests.swift in Sources */,
			);
			runOnlyForDeploymentPostprocessing = 0;
		};
/* End PBXSourcesBuildPhase section */

/* Begin PBXTargetDependency section */
		A6B6556220449A2700CF7A56 /* PBXTargetDependency */ = {
			isa = PBXTargetDependency;
			target = A6B6554B20449A2600CF7A56 /* HackWhichFive */;
			targetProxy = A6B6556120449A2700CF7A56 /* PBXContainerItemProxy */;
		};
		A6B6556D20449A2700CF7A56 /* PBXTargetDependency */ = {
			isa = PBXTargetDependency;
			target = A6B6554B20449A2600CF7A56 /* HackWhichFive */;
			targetProxy = A6B6556C20449A2700CF7A56 /* PBXContainerItemProxy */;
		};
/* End PBXTargetDependency section */

/* Begin PBXVariantGroup section */
		A6B6555320449A2600CF7A56 /* Main.storyboard */ = {
			isa = PBXVariantGroup;
			children = (
				A6B6555420449A2600CF7A56 /* Base */,
			);
			name = Main.storyboard;
			sourceTree = "<group>";
		};
		A6B6555820449A2600CF7A56 /* LaunchScreen.storyboard */ = {
			isa = PBXVariantGroup;
			children = (
				A6B6555920449A2600CF7A56 /* Base */,
			);
			name = LaunchScreen.storyboard;
			sourceTree = "<group>";
		};
/* End PBXVariantGroup section */

/* Begin XCBuildConfiguration section */
		A6B6557220449A2700CF7A56 /* Debug */ = {
			isa = XCBuildConfiguration;
			buildSettings = {
				ALWAYS_SEARCH_USER_PATHS = NO;
				CLANG_ANALYZER_NONNULL = YES;
				CLANG_ANALYZER_NUMBER_OBJECT_CONVERSION = YES_AGGRESSIVE;
				CLANG_CXX_LANGUAGE_STANDARD = "gnu++14";
				CLANG_CXX_LIBRARY = "libc++";
				CLANG_ENABLE_MODULES = YES;
				CLANG_ENABLE_OBJC_ARC = YES;
				CLANG_WARN_BLOCK_CAPTURE_AUTORELEASING = YES;
				CLANG_WARN_BOOL_CONVERSION = YES;
				CLANG_WARN_COMMA = YES;
				CLANG_WARN_CONSTANT_CONVERSION = YES;
				CLANG_WARN_DIRECT_OBJC_ISA_USAGE = YES_ERROR;
				CLANG_WARN_DOCUMENTATION_COMMENTS = YES;
				CLANG_WARN_EMPTY_BODY = YES;
				CLANG_WARN_ENUM_CONVERSION = YES;
				CLANG_WARN_INFINITE_RECURSION = YES;
				CLANG_WARN_INT_CONVERSION = YES;
				CLANG_WARN_NON_LITERAL_NULL_CONVERSION = YES;
				CLANG_WARN_OBJC_LITERAL_CONVERSION = YES;
				CLANG_WARN_OBJC_ROOT_CLASS = YES_ERROR;
				CLANG_WARN_RANGE_LOOP_ANALYSIS = YES;
				CLANG_WARN_STRICT_PROTOTYPES = YES;
				CLANG_WARN_SUSPICIOUS_MOVE = YES;
				CLANG_WARN_UNGUARDED_AVAILABILITY = YES_AGGRESSIVE;
				CLANG_WARN_UNREACHABLE_CODE = YES;
				CLANG_WARN__DUPLICATE_METHOD_MATCH = YES;
				CODE_SIGN_IDENTITY = "iPhone Developer";
				COPY_PHASE_STRIP = NO;
				DEBUG_INFORMATION_FORMAT = dwarf;
				ENABLE_STRICT_OBJC_MSGSEND = YES;
				ENABLE_TESTABILITY = YES;
				GCC_C_LANGUAGE_STANDARD = gnu11;
				GCC_DYNAMIC_NO_PIC = NO;
				GCC_NO_COMMON_BLOCKS = YES;
				GCC_OPTIMIZATION_LEVEL = 0;
				GCC_PREPROCESSOR_DEFINITIONS = (
					"DEBUG=1",
					"$(inherited)",
				);
				GCC_WARN_64_TO_32_BIT_CONVERSION = YES;
				GCC_WARN_ABOUT_RETURN_TYPE = YES_ERROR;
				GCC_WARN_UNDECLARED_SELECTOR = YES;
				GCC_WARN_UNINITIALIZED_AUTOS = YES_AGGRESSIVE;
				GCC_WARN_UNUSED_FUNCTION = YES;
				GCC_WARN_UNUSED_VARIABLE = YES;
				IPHONEOS_DEPLOYMENT_TARGET = 11.2;
				MTL_ENABLE_DEBUG_INFO = YES;
				ONLY_ACTIVE_ARCH = YES;
				SDKROOT = iphoneos;
				SWIFT_ACTIVE_COMPILATION_CONDITIONS = DEBUG;
				SWIFT_OPTIMIZATION_LEVEL = "-Onone";
			};
			name = Debug;
		};
		A6B6557320449A2700CF7A56 /* Release */ = {
			isa = XCBuildConfiguration;
			buildSettings = {
				ALWAYS_SEARCH_USER_PATHS = NO;
				CLANG_ANALYZER_NONNULL = YES;
				CLANG_ANALYZER_NUMBER_OBJECT_CONVERSION = YES_AGGRESSIVE;
				CLANG_CXX_LANGUAGE_STANDARD = "gnu++14";
				CLANG_CXX_LIBRARY = "libc++";
				CLANG_ENABLE_MODULES = YES;
				CLANG_ENABLE_OBJC_ARC = YES;
				CLANG_WARN_BLOCK_CAPTURE_AUTORELEASING = YES;
				CLANG_WARN_BOOL_CONVERSION = YES;
				CLANG_WARN_COMMA = YES;
				CLANG_WARN_CONSTANT_CONVERSION = YES;
				CLANG_WARN_DIRECT_OBJC_ISA_USAGE = YES_ERROR;
				CLANG_WARN_DOCUMENTATION_COMMENTS = YES;
				CLANG_WARN_EMPTY_BODY = YES;
				CLANG_WARN_ENUM_CONVERSION = YES;
				CLANG_WARN_INFINITE_RECURSION = YES;
				CLANG_WARN_INT_CONVERSION = YES;
				CLANG_WARN_NON_LITERAL_NULL_CONVERSION = YES;
				CLANG_WARN_OBJC_LITERAL_CONVERSION = YES;
				CLANG_WARN_OBJC_ROOT_CLASS = YES_ERROR;
				CLANG_WARN_RANGE_LOOP_ANALYSIS = YES;
				CLANG_WARN_STRICT_PROTOTYPES = YES;
				CLANG_WARN_SUSPICIOUS_MOVE = YES;
				CLANG_WARN_UNGUARDED_AVAILABILITY = YES_AGGRESSIVE;
				CLANG_WARN_UNREACHABLE_CODE = YES;
				CLANG_WARN__DUPLICATE_METHOD_MATCH = YES;
				CODE_SIGN_IDENTITY = "iPhone Developer";
				COPY_PHASE_STRIP = NO;
				DEBUG_INFORMATION_FORMAT = "dwarf-with-dsym";
				ENABLE_NS_ASSERTIONS = NO;
				ENABLE_STRICT_OBJC_MSGSEND = YES;
				GCC_C_LANGUAGE_STANDARD = gnu11;
				GCC_NO_COMMON_BLOCKS = YES;
				GCC_WARN_64_TO_32_BIT_CONVERSION = YES;
				GCC_WARN_ABOUT_RETURN_TYPE = YES_ERROR;
				GCC_WARN_UNDECLARED_SELECTOR = YES;
				GCC_WARN_UNINITIALIZED_AUTOS = YES_AGGRESSIVE;
				GCC_WARN_UNUSED_FUNCTION = YES;
				GCC_WARN_UNUSED_VARIABLE = YES;
				IPHONEOS_DEPLOYMENT_TARGET = 11.2;
				MTL_ENABLE_DEBUG_INFO = NO;
				SDKROOT = iphoneos;
				SWIFT_OPTIMIZATION_LEVEL = "-Owholemodule";
				VALIDATE_PRODUCT = YES;
			};
			name = Release;
		};
		A6B6557520449A2700CF7A56 /* Debug */ = {
			isa = XCBuildConfiguration;
			buildSettings = {
				ASSETCATALOG_COMPILER_APPICON_NAME = AppIcon;
				CODE_SIGN_STYLE = Automatic;
				INFOPLIST_FILE = HackWhichFive/Info.plist;
				LD_RUNPATH_SEARCH_PATHS = "$(inherited) @executable_path/Frameworks";
				PRODUCT_BUNDLE_IDENTIFIER = UHWO.HackWhichFive;
				PRODUCT_NAME = "$(TARGET_NAME)";
				SWIFT_VERSION = 4.0;
				TARGETED_DEVICE_FAMILY = "1,2";
			};
			name = Debug;
		};
		A6B6557620449A2700CF7A56 /* Release */ = {
			isa = XCBuildConfiguration;
			buildSettings = {
				ASSETCATALOG_COMPILER_APPICON_NAME = AppIcon;
				CODE_SIGN_STYLE = Automatic;
				INFOPLIST_FILE = HackWhichFive/Info.plist;
				LD_RUNPATH_SEARCH_PATHS = "$(inherited) @executable_path/Frameworks";
				PRODUCT_BUNDLE_IDENTIFIER = UHWO.HackWhichFive;
				PRODUCT_NAME = "$(TARGET_NAME)";
				SWIFT_VERSION = 4.0;
				TARGETED_DEVICE_FAMILY = "1,2";
			};
			name = Release;
		};
		A6B6557820449A2700CF7A56 /* Debug */ = {
			isa = XCBuildConfiguration;
			buildSettings = {
				ALWAYS_EMBED_SWIFT_STANDARD_LIBRARIES = YES;
				BUNDLE_LOADER = "$(TEST_HOST)";
				CODE_SIGN_STYLE = Automatic;
				INFOPLIST_FILE = HackWhichFiveTests/Info.plist;
				LD_RUNPATH_SEARCH_PATHS = "$(inherited) @executable_path/Frameworks @loader_path/Frameworks";
				PRODUCT_BUNDLE_IDENTIFIER = UHWO.HackWhichFiveTests;
				PRODUCT_NAME = "$(TARGET_NAME)";
				SWIFT_VERSION = 4.0;
				TARGETED_DEVICE_FAMILY = "1,2";
				TEST_HOST = "$(BUILT_PRODUCTS_DIR)/HackWhichFive.app/HackWhichFive";
			};
			name = Debug;
		};
		A6B6557920449A2700CF7A56 /* Release */ = {
			isa = XCBuildConfiguration;
			buildSettings = {
				ALWAYS_EMBED_SWIFT_STANDARD_LIBRARIES = YES;
				BUNDLE_LOADER = "$(TEST_HOST)";
				CODE_SIGN_STYLE = Automatic;
				INFOPLIST_FILE = HackWhichFiveTests/Info.plist;
				LD_RUNPATH_SEARCH_PATHS = "$(inherited) @executable_path/Frameworks @loader_path/Frameworks";
				PRODUCT_BUNDLE_IDENTIFIER = UHWO.HackWhichFiveTests;
				PRODUCT_NAME = "$(TARGET_NAME)";
				SWIFT_VERSION = 4.0;
				TARGETED_DEVICE_FAMILY = "1,2";
				TEST_HOST = "$(BUILT_PRODUCTS_DIR)/HackWhichFive.app/HackWhichFive";
			};
			name = Release;
		};
		A6B6557B20449A2700CF7A56 /* Debug */ = {
			isa = XCBuildConfiguration;
			buildSettings = {
				ALWAYS_EMBED_SWIFT_STANDARD_LIBRARIES = YES;
				CODE_SIGN_STYLE = Automatic;
				INFOPLIST_FILE = HackWhichFiveUITests/Info.plist;
				LD_RUNPATH_SEARCH_PATHS = "$(inherited) @executable_path/Frameworks @loader_path/Frameworks";
				PRODUCT_BUNDLE_IDENTIFIER = UHWO.HackWhichFiveUITests;
				PRODUCT_NAME = "$(TARGET_NAME)";
				SWIFT_VERSION = 4.0;
				TARGETED_DEVICE_FAMILY = "1,2";
				TEST_TARGET_NAME = HackWhichFive;
			};
			name = Debug;
		};
		A6B6557C20449A2700CF7A56 /* Release */ = {
			isa = XCBuildConfiguration;
			buildSettings = {
				ALWAYS_EMBED_SWIFT_STANDARD_LIBRARIES = YES;
				CODE_SIGN_STYLE = Automatic;
				INFOPLIST_FILE = HackWhichFiveUITests/Info.plist;
				LD_RUNPATH_SEARCH_PATHS = "$(inherited) @executable_path/Frameworks @loader_path/Frameworks";
				PRODUCT_BUNDLE_IDENTIFIER = UHWO.HackWhichFiveUITests;
				PRODUCT_NAME = "$(TARGET_NAME)";
				SWIFT_VERSION = 4.0;
				TARGETED_DEVICE_FAMILY = "1,2";
				TEST_TARGET_NAME = HackWhichFive;
			};
			name = Release;
		};
/* End XCBuildConfiguration section */

/* Begin XCConfigurationList section */
		A6B6554720449A2600CF7A56 /* Build configuration list for PBXProject "HackWhichFive" */ = {
			isa = XCConfigurationList;
			buildConfigurations = (
				A6B6557220449A2700CF7A56 /* Debug */,
				A6B6557320449A2700CF7A56 /* Release */,
			);
			defaultConfigurationIsVisible = 0;
			defaultConfigurationName = Release;
		};
		A6B6557420449A2700CF7A56 /* Build configuration list for PBXNativeTarget "HackWhichFive" */ = {
			isa = XCConfigurationList;
			buildConfigurations = (
				A6B6557520449A2700CF7A56 /* Debug */,
				A6B6557620449A2700CF7A56 /* Release */,
			);
			defaultConfigurationIsVisible = 0;
			defaultConfigurationName = Release;
		};
		A6B6557720449A2700CF7A56 /* Build configuration list for PBXNativeTarget "HackWhichFiveTests" */ = {
			isa = XCConfigurationList;
			buildConfigurations = (
				A6B6557820449A2700CF7A56 /* Debug */,
				A6B6557920449A2700CF7A56 /* Release */,
			);
			defaultConfigurationIsVisible = 0;
			defaultConfigurationName = Release;
		};
		A6B6557A20449A2700CF7A56 /* Build configuration list for PBXNativeTarget "HackWhichFiveUITests" */ = {
			isa = XCConfigurationList;
			buildConfigurations = (
				A6B6557B20449A2700CF7A56 /* Debug */,
				A6B6557C20449A2700CF7A56 /* Release */,
			);
			defaultConfigurationIsVisible = 0;
			defaultConfigurationName = Release;
		};
/* End XCConfigurationList section */
	};
	rootObject = A6B6554420449A2600CF7A56 /* Project object */;
}
